
Microsoft Visual Studio Solution File, Format Version 12.00
# Visual Studio 15
VisualStudioVersion = 15.0.28307.1433
MinimumVisualStudioVersion = 10.0.40219.1
Project("{8BC9CEB8-8B4A-11D0-8D11-00A0C91BC942}") = "cloudmusic", "cloudmusic.vcxproj", "{1A282B8B-E130-3952-AC1D-7702A5E66FC3}"
EndProject
Global
	GlobalSection(SolutionConfigurationPlatforms) = preSolution
		Debug|x64 = Debug|x64
		Release|x64 = Release|x64
	EndGlobalSection
	GlobalSection(ProjectConfigurationPlatforms) = postSolution
		{1A282B8B-E130-3952-AC1D-7702A5E66FC3}.Debug|x64.ActiveCfg = Debug|x64
		{1A282B8B-E130-3952-AC1D-7702A5E66FC3}.Debug|x64.Build.0 = Debug|x64
		{1A282B8B-E130-3952-AC1D-7702A5E66FC3}.Release|x64.ActiveCfg = Release|x64
		{1A282B8B-E130-3952-AC1D-7702A5E66FC3}.Release|x64.Build.0 = Release|x64
	EndGlobalSection
	GlobalSection(SolutionProperties) = preSolution
		HideSolutionNode = FALSE
	EndGlobalSection
	GlobalSection(ExtensibilityGlobals) = postSolution
		SolutionGuid = {827EBE42-4352-4062-A6CE-C0BD850636CA}
	EndGlobalSection
EndGlobal
